
Microsoft Visual Studio Solution File, Format Version 12.00
# Visual Studio 15
VisualStudioVersion = 15.0.28010.2003
MinimumVisualStudioVersion = 10.0.40219.1
Project("{FAE04EC0-301F-11D3-BF4B-00C04F79EFBC}") = "IDETicaret", "OctopusCodesMultiVendor\IDETicaret.csproj", "{9FB102EA-453E-42B2-B798-CA67FCE14223}"
EndProject
Global
	GlobalSection(SolutionConfigurationPlatforms) = preSolution
		Debug|Any CPU = Debug|Any CPU
		Release|Any CPU = Release|Any CPU
	EndGlobalSection
	GlobalSection(ProjectConfigurationPlatforms) = postSolution
		{9FB102EA-453E-42B2-B798-CA67FCE14223}.Debug|Any CPU.ActiveCfg = Debug|Any CPU
		{9FB102EA-453E-42B2-B798-CA67FCE14223}.Debug|Any CPU.Build.0 = Debug|Any CPU
		{9FB102EA-453E-42B2-B798-CA67FCE14223}.Release|Any CPU.ActiveCfg = Release|Any CPU
		{9FB102EA-453E-42B2-B798-CA67FCE14223}.Release|Any CPU.Build.0 = Release|Any CPU
	EndGlobalSection
	GlobalSection(SolutionProperties) = preSolution
		HideSolutionNode = FALSE
	EndGlobalSection
	GlobalSection(ExtensibilityGlobals) = postSolution
		SolutionGuid = {A5504959-0FBB-4BD0-948F-612662A09961}
	EndGlobalSection
EndGlobal
